
Microsoft Visual Studio Solution File, Format Version 12.00
# Visual Studio Version 17
VisualStudioVersion = 17.14.36518.9 d17.14
MinimumVisualStudioVersion = 10.0.40219.1
Project("{FAE04EC0-301F-11D3-BF4B-00C04F79EFBC}") = "MGMSample", "MGMSample\MGMSample.csproj", "{EAAB246C-ECC0-4A10-9857-B25C4EDECE14}"
EndProject
Global
	GlobalSection(SolutionConfigurationPlatforms) = preSolution
		Debug|Any CPU = Debug|Any CPU
		Release|Any CPU = Release|Any CPU
	EndGlobalSection
	GlobalSection(ProjectConfigurationPlatforms) = postSolution
		{EAAB246C-ECC0-4A10-9857-B25C4EDECE14}.Debug|Any CPU.ActiveCfg = Debug|Any CPU
		{EAAB246C-ECC0-4A10-9857-B25C4EDECE14}.Debug|Any CPU.Build.0 = Debug|Any CPU
		{EAAB246C-ECC0-4A10-9857-B25C4EDECE14}.Release|Any CPU.ActiveCfg = Release|Any CPU
		{EAAB246C-ECC0-4A10-9857-B25C4EDECE14}.Release|Any CPU.Build.0 = Release|Any CPU
	EndGlobalSection
	GlobalSection(SolutionProperties) = preSolution
		HideSolutionNode = FALSE
	EndGlobalSection
	GlobalSection(ExtensibilityGlobals) = postSolution
		SolutionGuid = {3556FDB7-F97C-4FC8-9631-72FE34482178}
	EndGlobalSection
EndGlobal
